
Microsoft Visual Studio Solution File, Format Version 12.00
# Visual Studio 14
VisualStudioVersion = 14.0.25123.0
MinimumVisualStudioVersion = 10.0.40219.1
Project("{FAE04EC0-301F-11D3-BF4B-00C04F79EFBC}") = "SlipMap Code Library", "SlipMap Code Library\SlipMap Code Library.csproj", "{D57338AC-C39B-4DB0-8D55-92C7D725FFE6}"
EndProject
Project("{FAE04EC0-301F-11D3-BF4B-00C04F79EFBC}") = "WPF SlipMap", "WPF SlipMap\WPF SlipMap.csproj", "{ED65DE54-E994-440B-BF2B-BD0F50280025}"
EndProject
Project("{FAE04EC0-301F-11D3-BF4B-00C04F79EFBC}") = "SlipMap.Model", "SlipMap.Model\SlipMap.Model.csproj", "{3DC73DBC-B2CD-4AE1-9B39-83EC2B1CFF32}"
EndProject
Project("{FAE04EC0-301F-11D3-BF4B-00C04F79EFBC}") = "SlipMap.Domain", "SlipMap.Domain\SlipMap.Domain.csproj", "{A73534CC-D2C3-4ED4-AE96-615DC8ED70C9}"
EndProject
Project("{FAE04EC0-301F-11D3-BF4B-00C04F79EFBC}") = "SlipMapTest", "SlipMapTest\SlipMapTest.csproj", "{35A4F833-EA31-4B0E-A61A-3D22D9DC4E00}"
EndProject
Project("{FAE04EC0-301F-11D3-BF4B-00C04F79EFBC}") = "SlipMap Ver5", "SlipMap Ver5\SlipMap Ver5.csproj", "{86B3E2A4-9B37-49C9-A305-36B7106FDBEE}"
EndProject
Project("{FAE04EC0-301F-11D3-BF4B-00C04F79EFBC}") = "SlipMapService", "SlipMapService\SlipMapService.csproj", "{D73EBC62-26CF-4C57-A5E5-715394DB8EBA}"
EndProject
Global
	GlobalSection(SolutionConfigurationPlatforms) = preSolution
		Debug|Any CPU = Debug|Any CPU
		Release|Any CPU = Release|Any CPU
	EndGlobalSection
	GlobalSection(ProjectConfigurationPlatforms) = postSolution
		{D57338AC-C39B-4DB0-8D55-92C7D725FFE6}.Debug|Any CPU.ActiveCfg = Debug|Any CPU
		{D57338AC-C39B-4DB0-8D55-92C7D725FFE6}.Debug|Any CPU.Build.0 = Debug|Any CPU
		{D57338AC-C39B-4DB0-8D55-92C7D725FFE6}.Release|Any CPU.ActiveCfg = Release|Any CPU
		{D57338AC-C39B-4DB0-8D55-92C7D725FFE6}.Release|Any CPU.Build.0 = Release|Any CPU
		{ED65DE54-E994-440B-BF2B-BD0F50280025}.Debug|Any CPU.ActiveCfg = Debug|Any CPU
		{ED65DE54-E994-440B-BF2B-BD0F50280025}.Debug|Any CPU.Build.0 = Debug|Any CPU
		{ED65DE54-E994-440B-BF2B-BD0F50280025}.Release|Any CPU.ActiveCfg = Release|Any CPU
		{ED65DE54-E994-440B-BF2B-BD0F50280025}.Release|Any CPU.Build.0 = Release|Any CPU
		{3DC73DBC-B2CD-4AE1-9B39-83EC2B1CFF32}.Debug|Any CPU.ActiveCfg = Debug|Any CPU
		{3DC73DBC-B2CD-4AE1-9B39-83EC2B1CFF32}.Debug|Any CPU.Build.0 = Debug|Any CPU
		{3DC73DBC-B2CD-4AE1-9B39-83EC2B1CFF32}.Release|Any CPU.ActiveCfg = Release|Any CPU
		{3DC73DBC-B2CD-4AE1-9B39-83EC2B1CFF32}.Release|Any CPU.Build.0 = Release|Any CPU
		{A73534CC-D2C3-4ED4-AE96-615DC8ED70C9}.Debug|Any CPU.ActiveCfg = Debug|Any CPU
		{A73534CC-D2C3-4ED4-AE96-615DC8ED70C9}.Debug|Any CPU.Build.0 = Debug|Any CPU
		{A73534CC-D2C3-4ED4-AE96-615DC8ED70C9}.Release|Any CPU.ActiveCfg = Release|Any CPU
		{A73534CC-D2C3-4ED4-AE96-615DC8ED70C9}.Release|Any CPU.Build.0 = Release|Any CPU
		{35A4F833-EA31-4B0E-A61A-3D22D9DC4E00}.Debug|Any CPU.ActiveCfg = Debug|Any CPU
		{35A4F833-EA31-4B0E-A61A-3D22D9DC4E00}.Debug|Any CPU.Build.0 = Debug|Any CPU
		{35A4F833-EA31-4B0E-A61A-3D22D9DC4E00}.Release|Any CPU.ActiveCfg = Release|Any CPU
		{35A4F833-EA31-4B0E-A61A-3D22D9DC4E00}.Release|Any CPU.Build.0 = Release|Any CPU
		{86B3E2A4-9B37-49C9-A305-36B7106FDBEE}.Debug|Any CPU.ActiveCfg = Debug|Any CPU
		{86B3E2A4-9B37-49C9-A305-36B7106FDBEE}.Debug|Any CPU.Build.0 = Debug|Any CPU
		{86B3E2A4-9B37-49C9-A305-36B7106FDBEE}.Release|Any CPU.ActiveCfg = Release|Any CPU
		{86B3E2A4-9B37-49C9-A305-36B7106FDBEE}.Release|Any CPU.Build.0 = Release|Any CPU
		{D73EBC62-26CF-4C57-A5E5-715394DB8EBA}.Debug|Any CPU.ActiveCfg = Debug|Any CPU
		{D73EBC62-26CF-4C57-A5E5-715394DB8EBA}.Debug|Any CPU.Build.0 = Debug|Any CPU
		{D73EBC62-26CF-4C57-A5E5-715394DB8EBA}.Release|Any CPU.ActiveCfg = Release|Any CPU
		{D73EBC62-26CF-4C57-A5E5-715394DB8EBA}.Release|Any CPU.Build.0 = Release|Any CPU
	EndGlobalSection
	GlobalSection(SolutionProperties) = preSolution
		HideSolutionNode = FALSE
	EndGlobalSection
EndGlobal
