
Microsoft Visual Studio Solution File, Format Version 12.00
# Visual Studio 14
VisualStudioVersion = 14.0.24720.0
MinimumVisualStudioVersion = 10.0.40219.1
Project("{FAE04EC0-301F-11D3-BF4B-00C04F79EFBC}") = "WCFServiceApp", "WCFServiceApp\WCFServiceApp.csproj", "{D646E3C1-FE8B-46E2-9DD6-CD88074EE0CF}"
EndProject
Project("{FAE04EC0-301F-11D3-BF4B-00C04F79EFBC}") = "WCFConsoleApp", "WCFConsoleApp\WCFConsoleApp.csproj", "{6D158056-724B-4645-BB11-24B104245783}"
	ProjectSection(ProjectDependencies) = postProject
		{D646E3C1-FE8B-46E2-9DD6-CD88074EE0CF} = {D646E3C1-FE8B-46E2-9DD6-CD88074EE0CF}
	EndProjectSection
EndProject
Global
	GlobalSection(SolutionConfigurationPlatforms) = preSolution
		Debug|Any CPU = Debug|Any CPU
		Release|Any CPU = Release|Any CPU
	EndGlobalSection
	GlobalSection(ProjectConfigurationPlatforms) = postSolution
		{D646E3C1-FE8B-46E2-9DD6-CD88074EE0CF}.Debug|Any CPU.ActiveCfg = Debug|Any CPU
		{D646E3C1-FE8B-46E2-9DD6-CD88074EE0CF}.Debug|Any CPU.Build.0 = Debug|Any CPU
		{D646E3C1-FE8B-46E2-9DD6-CD88074EE0CF}.Release|Any CPU.ActiveCfg = Release|Any CPU
		{D646E3C1-FE8B-46E2-9DD6-CD88074EE0CF}.Release|Any CPU.Build.0 = Release|Any CPU
		{6D158056-724B-4645-BB11-24B104245783}.Debug|Any CPU.ActiveCfg = Debug|Any CPU
		{6D158056-724B-4645-BB11-24B104245783}.Debug|Any CPU.Build.0 = Debug|Any CPU
		{6D158056-724B-4645-BB11-24B104245783}.Release|Any CPU.ActiveCfg = Release|Any CPU
		{6D158056-724B-4645-BB11-24B104245783}.Release|Any CPU.Build.0 = Release|Any CPU
	EndGlobalSection
	GlobalSection(SolutionProperties) = preSolution
		HideSolutionNode = FALSE
	EndGlobalSection
EndGlobal
